
Microsoft Visual Studio Solution File, Format Version 12.00
# Visual Studio Version 17
VisualStudioVersion = 17.4.33213.308
MinimumVisualStudioVersion = 10.0.40219.1
Project("{9A19103F-16F7-4668-BE54-9A1E7A4F7556}") = "grimbil-backend", "grimbil-backend.csproj", "{1EA06B22-7F47-4BB1-A566-F1FB1D41664C}"
EndProject
Project("{9A19103F-16F7-4668-BE54-9A1E7A4F7556}") = "grimbil ef", "..\grimbil ef\grimbil ef.csproj", "{2A2A703C-4F86-40AC-89C8-F390C6CBDB12}"
EndProject
Global
	GlobalSection(SolutionConfigurationPlatforms) = preSolution
		Debug|Any CPU = Debug|Any CPU
		Release|Any CPU = Release|Any CPU
	EndGlobalSection
	GlobalSection(ProjectConfigurationPlatforms) = postSolution
		{1EA06B22-7F47-4BB1-A566-F1FB1D41664C}.Debug|Any CPU.ActiveCfg = Debug|Any CPU
		{1EA06B22-7F47-4BB1-A566-F1FB1D41664C}.Debug|Any CPU.Build.0 = Debug|Any CPU
		{1EA06B22-7F47-4BB1-A566-F1FB1D41664C}.Release|Any CPU.ActiveCfg = Release|Any CPU
		{1EA06B22-7F47-4BB1-A566-F1FB1D41664C}.Release|Any CPU.Build.0 = Release|Any CPU
		{2A2A703C-4F86-40AC-89C8-F390C6CBDB12}.Debug|Any CPU.ActiveCfg = Debug|Any CPU
		{2A2A703C-4F86-40AC-89C8-F390C6CBDB12}.Debug|Any CPU.Build.0 = Debug|Any CPU
		{2A2A703C-4F86-40AC-89C8-F390C6CBDB12}.Release|Any CPU.ActiveCfg = Release|Any CPU
		{2A2A703C-4F86-40AC-89C8-F390C6CBDB12}.Release|Any CPU.Build.0 = Release|Any CPU
	EndGlobalSection
	GlobalSection(SolutionProperties) = preSolution
		HideSolutionNode = FALSE
	EndGlobalSection
	GlobalSection(ExtensibilityGlobals) = postSolution
		SolutionGuid = {A14BACE2-168C-403C-B613-A07A18E96557}
	EndGlobalSection
EndGlobal
